
Microsoft Visual Studio Solution File, Format Version 12.00
Project("{FAE04EC0-301F-11D3-BF4B-00C04F79EFBC}") = "Lumen.Presentation", "src\Lumen.Presentation\Lumen.Presentation.csproj", "{BCFBF731-D91C-4631-A89C-A50DDB20E805}"
EndProject
Project("{2150E333-8FDC-42A3-9474-1A3956D46DE8}") = "Examples", "Examples", "{D4F5989A-7720-401F-B910-93D17F3AF6D2}"
EndProject
Project("{FAE04EC0-301F-11D3-BF4B-00C04F79EFBC}") = "Lumen.Web", "examples\Lumen.Web\Lumen.Web.csproj", "{81826685-3206-48FF-936C-EEF2A81CEF18}"
EndProject
Project("{2150E333-8FDC-42A3-9474-1A3956D46DE8}") = "Src", "Src", "{5F176DC4-F2BC-420A-82C2-53AD13F3F29A}"
EndProject
Project("{FAE04EC0-301F-11D3-BF4B-00C04F79EFBC}") = "Lumen.Core", "src\Lumen.Core\Lumen.Core.csproj", "{0447C83E-E099-4296-B67D-55D041304612}"
EndProject
Global
	GlobalSection(SolutionConfigurationPlatforms) = preSolution
		Debug|Any CPU = Debug|Any CPU
		Release|Any CPU = Release|Any CPU
	EndGlobalSection
	GlobalSection(ProjectConfigurationPlatforms) = postSolution
		{BCFBF731-D91C-4631-A89C-A50DDB20E805}.Debug|Any CPU.ActiveCfg = Debug|Any CPU
		{BCFBF731-D91C-4631-A89C-A50DDB20E805}.Debug|Any CPU.Build.0 = Debug|Any CPU
		{BCFBF731-D91C-4631-A89C-A50DDB20E805}.Release|Any CPU.ActiveCfg = Release|Any CPU
		{BCFBF731-D91C-4631-A89C-A50DDB20E805}.Release|Any CPU.Build.0 = Release|Any CPU
		{81826685-3206-48FF-936C-EEF2A81CEF18}.Debug|Any CPU.ActiveCfg = Debug|Any CPU
		{81826685-3206-48FF-936C-EEF2A81CEF18}.Debug|Any CPU.Build.0 = Debug|Any CPU
		{81826685-3206-48FF-936C-EEF2A81CEF18}.Release|Any CPU.ActiveCfg = Release|Any CPU
		{81826685-3206-48FF-936C-EEF2A81CEF18}.Release|Any CPU.Build.0 = Release|Any CPU
		{0447C83E-E099-4296-B67D-55D041304612}.Debug|Any CPU.ActiveCfg = Debug|Any CPU
		{0447C83E-E099-4296-B67D-55D041304612}.Debug|Any CPU.Build.0 = Debug|Any CPU
		{0447C83E-E099-4296-B67D-55D041304612}.Release|Any CPU.ActiveCfg = Release|Any CPU
		{0447C83E-E099-4296-B67D-55D041304612}.Release|Any CPU.Build.0 = Release|Any CPU
	EndGlobalSection
	GlobalSection(NestedProjects) = preSolution
		{81826685-3206-48FF-936C-EEF2A81CEF18} = {D4F5989A-7720-401F-B910-93D17F3AF6D2}
		{BCFBF731-D91C-4631-A89C-A50DDB20E805} = {5F176DC4-F2BC-420A-82C2-53AD13F3F29A}
		{0447C83E-E099-4296-B67D-55D041304612} = {5F176DC4-F2BC-420A-82C2-53AD13F3F29A}
	EndGlobalSection
EndGlobal
